<?xml version="1.0" encoding="utf-8"?>
<Project ToolsVersion="4.0" xmlns="http://schemas.microsoft.com/developer/msbuild/2003">
  <ItemGroup>
    <Filter Include="Source Files">
      <UniqueIdentifier>{4FC737F1-C7A5-4376-A066-2A32D752A2FF}</UniqueIdentifier>
      <Extensions>cpp;c;cc;cxx;c++;cppm;ixx;def;odl;idl;hpj;bat;asm;asmx</Extensions>
    </Filter>
    <Filter Include="Header Files">
      <UniqueIdentifier>{93995380-89BD-4b04-88EB-625FBE52EBFB}</UniqueIdentifier>
      <Extensions>h;hh;hpp;hxx;h++;hm;inl;inc;ipp;xsd</Extensions>
    </Filter>
    <Filter Include="Resource Files">
      <UniqueIdentifier>{67DA6AB6-F800-4c08-8B7A-83BB121AAD01}</UniqueIdentifier>
      <Extensions>rc;ico;cur;bmp;dlg;rc2;rct;bin;rgs;gif;jpg;jpeg;jpe;resx;tiff;tif;png;wav;mfcribbon-ms</Extensions>
    </Filter>
    <Filter Include="Source Files\rendering">
      <UniqueIdentifier>{3ca0a6fa-7dfc-40f4-82f6-f5a5bccaf1b0}</UniqueIdentifier>
    </Filter>
    <Filter Include="Header Files\rendering">
      <UniqueIdentifier>{a6de8f00-bd2e-4c4e-9eaa-feb15342e823}</UniqueIdentifier>
    </Filter>
    <Filter Include="Header Files\rendering\imgui">
      <UniqueIdentifier>{5ad24118-f297-4eae-9d9b-6176c48aecb7}</UniqueIdentifier>
    </Filter>
    <Filter Include="Source Files\rendering\imgui">
      <UniqueIdentifier>{eaf74c24-7679-4215-a609-db30965753aa}</UniqueIdentifier>
    </Filter>
    <Filter Include="Header Files\rendering\glew">
      <UniqueIdentifier>{dc6ea0d2-c5f3-483b-890f-eb206c83f573}</UniqueIdentifier>
    </Filter>
    <Filter Include="Header Files\rendering\imgui_UIs">
      <UniqueIdentifier>{e46778cc-ba68-422d-952c-013027fa90a0}</UniqueIdentifier>
    </Filter>
    <Filter Include="Source Files\json">
      <UniqueIdentifier>{046c7908-3b58-47e8-8c84-2718635423b0}</UniqueIdentifier>
    </Filter>
    <Filter Include="Header Files\json">
      <UniqueIdentifier>{697defd1-cf5c-4f29-8d0a-f39680eae2de}</UniqueIdentifier>
    </Filter>
  </ItemGroup>
  <ItemGroup>
    <ClCompile Include="start.cpp">
      <Filter>Source Files</Filter>
    </ClCompile>
    <ClCompile Include="cpu.cpp">
      <Filter>Source Files</Filter>
    </ClCompile>
    <ClCompile Include="bus.cpp">
      <Filter>Source Files</Filter>
    </ClCompile>
    <ClCompile Include="system_memory.cpp">
      <Filter>Source Files</Filter>
    </ClCompile>
    <ClCompile Include="imgui\imgui_tables.cpp">
      <Filter>Source Files\rendering\imgui</Filter>
    </ClCompile>
    <ClCompile Include="imgui\imgui_widgets.cpp">
      <Filter>Source Files\rendering\imgui</Filter>
    </ClCompile>
    <ClCompile Include="imgui\imgui.cpp">
      <Filter>Source Files\rendering\imgui</Filter>
    </ClCompile>
    <ClCompile Include="imgui\imgui_demo.cpp">
      <Filter>Source Files\rendering\imgui</Filter>
    </ClCompile>
    <ClCompile Include="imgui\imgui_draw.cpp">
      <Filter>Source Files\rendering\imgui</Filter>
    </ClCompile>
    <ClCompile Include="imgui\imgui_impl_opengl2.cpp">
      <Filter>Source Files\rendering\imgui</Filter>
    </ClCompile>
    <ClCompile Include="imgui\imgui_impl_opengl3.cpp">
      <Filter>Source Files\rendering\imgui</Filter>
    </ClCompile>
    <ClCompile Include="themes.cpp">
      <Filter>Source Files</Filter>
    </ClCompile>
    <ClCompile Include="json\jsoncpp.cpp">
      <Filter>Source Files\json</Filter>
    </ClCompile>
  </ItemGroup>
  <ItemGroup>
    <ClInclude Include="cpu.h">
      <Filter>Header Files</Filter>
    </ClInclude>
    <ClInclude Include="bus.h">
      <Filter>Header Files</Filter>
    </ClInclude>
    <ClInclude Include="system_memory.h">
      <Filter>Header Files</Filter>
    </ClInclude>
    <ClInclude Include="olcPixelGameEngine.h">
      <Filter>Header Files\rendering</Filter>
    </ClInclude>
    <ClInclude Include="imgui\imconfig.h">
      <Filter>Header Files\rendering\imgui</Filter>
    </ClInclude>
    <ClInclude Include="imgui\imgui.h">
      <Filter>Header Files\rendering\imgui</Filter>
    </ClInclude>
    <ClInclude Include="imgui\imgui_impl_opengl2.h">
      <Filter>Header Files\rendering\imgui</Filter>
    </ClInclude>
    <ClInclude Include="imgui\imgui_impl_opengl3.h">
      <Filter>Header Files\rendering\imgui</Filter>
    </ClInclude>
    <ClInclude Include="imgui\imgui_impl_pge.h">
      <Filter>Header Files\rendering\imgui</Filter>
    </ClInclude>
    <ClInclude Include="imgui\imgui_internal.h">
      <Filter>Header Files\rendering\imgui</Filter>
    </ClInclude>
    <ClInclude Include="imgui\imstb_rectpack.h">
      <Filter>Header Files\rendering\imgui</Filter>
    </ClInclude>
    <ClInclude Include="imgui\imstb_textedit.h">
      <Filter>Header Files\rendering\imgui</Filter>
    </ClInclude>
    <ClInclude Include="imgui\imstb_truetype.h">
      <Filter>Header Files\rendering\imgui</Filter>
    </ClInclude>
    <ClInclude Include="glew\includes\eglew.h">
      <Filter>Header Files\rendering\glew</Filter>
    </ClInclude>
    <ClInclude Include="glew\includes\glew.h">
      <Filter>Header Files\rendering\glew</Filter>
    </ClInclude>
    <ClInclude Include="glew\includes\glxew.h">
      <Filter>Header Files\rendering\glew</Filter>
    </ClInclude>
    <ClInclude Include="glew\includes\wglew.h">
      <Filter>Header Files\rendering\glew</Filter>
    </ClInclude>
    <ClInclude Include="imgui\imgui_impl_opengl3_loader.h">
      <Filter>Header Files\rendering\imgui</Filter>
    </ClInclude>
    <ClInclude Include="file_selector.h">
      <Filter>Header Files\rendering\imgui_UIs</Filter>
    </ClInclude>
    <ClInclude Include="memory_viewer.h">
      <Filter>Header Files\rendering\imgui_UIs</Filter>
    </ClInclude>
    <ClInclude Include="themes.h">
      <Filter>Header Files</Filter>
    </ClInclude>
    <ClInclude Include="json\json-forwards.h">
      <Filter>Header Files\json</Filter>
    </ClInclude>
    <ClInclude Include="json\json.h">
      <Filter>Header Files\json</Filter>
    </ClInclude>
  </ItemGroup>
</Project>